
Microsoft Visual Studio Solution File, Format Version 12.00
# Visual Studio 2013
VisualStudioVersion = 12.0.31101.0
MinimumVisualStudioVersion = 10.0.40219.1
Project("{FAE04EC0-301F-11D3-BF4B-00C04F79EFBC}") = "AIA", "AIA\AIA.csproj", "{7E687BC9-39B6-41FF-974C-62EAE62BD6C8}"
EndProject
Project("{FAE04EC0-301F-11D3-BF4B-00C04F79EFBC}") = "AIA.Tests", "AIA.Tests\AIA.Tests.csproj", "{84FC9734-83D8-4903-B3FC-407BF2D0DC7B}"
EndProject
Global
	GlobalSection(SolutionConfigurationPlatforms) = preSolution
		Debug|Any CPU = Debug|Any CPU
		Release|Any CPU = Release|Any CPU
	EndGlobalSection
	GlobalSection(ProjectConfigurationPlatforms) = postSolution
		{7E687BC9-39B6-41FF-974C-62EAE62BD6C8}.Debug|Any CPU.ActiveCfg = Debug|Any CPU
		{7E687BC9-39B6-41FF-974C-62EAE62BD6C8}.Debug|Any CPU.Build.0 = Debug|Any CPU
		{7E687BC9-39B6-41FF-974C-62EAE62BD6C8}.Release|Any CPU.ActiveCfg = Release|Any CPU
		{7E687BC9-39B6-41FF-974C-62EAE62BD6C8}.Release|Any CPU.Build.0 = Release|Any CPU
		{84FC9734-83D8-4903-B3FC-407BF2D0DC7B}.Debug|Any CPU.ActiveCfg = Debug|Any CPU
		{84FC9734-83D8-4903-B3FC-407BF2D0DC7B}.Debug|Any CPU.Build.0 = Debug|Any CPU
		{84FC9734-83D8-4903-B3FC-407BF2D0DC7B}.Release|Any CPU.ActiveCfg = Release|Any CPU
		{84FC9734-83D8-4903-B3FC-407BF2D0DC7B}.Release|Any CPU.Build.0 = Release|Any CPU
	EndGlobalSection
	GlobalSection(SolutionProperties) = preSolution
		HideSolutionNode = FALSE
	EndGlobalSection
EndGlobal
